
Microsoft Visual Studio Solution File, Format Version 12.00
# Visual Studio Version 17
VisualStudioVersion = 17.2.32616.157
MinimumVisualStudioVersion = 10.0.40219.1
Project("{FAE04EC0-301F-11D3-BF4B-00C04F79EFBC}") = "LexiconHangmanGame", "LexiconHangmanGame\LexiconHangmanGame.csproj", "{65826980-9BEA-496E-9513-ECD7FB736D08}"
EndProject
Global
	GlobalSection(SolutionConfigurationPlatforms) = preSolution
		Debug|Any CPU = Debug|Any CPU
		Release|Any CPU = Release|Any CPU
	EndGlobalSection
	GlobalSection(ProjectConfigurationPlatforms) = postSolution
		{65826980-9BEA-496E-9513-ECD7FB736D08}.Debug|Any CPU.ActiveCfg = Debug|Any CPU
		{65826980-9BEA-496E-9513-ECD7FB736D08}.Debug|Any CPU.Build.0 = Debug|Any CPU
		{65826980-9BEA-496E-9513-ECD7FB736D08}.Release|Any CPU.ActiveCfg = Release|Any CPU
		{65826980-9BEA-496E-9513-ECD7FB736D08}.Release|Any CPU.Build.0 = Release|Any CPU
	EndGlobalSection
	GlobalSection(SolutionProperties) = preSolution
		HideSolutionNode = FALSE
	EndGlobalSection
	GlobalSection(ExtensibilityGlobals) = postSolution
		SolutionGuid = {413D1DBE-BC96-421A-8729-9ED007CE2A19}
	EndGlobalSection
EndGlobal
